
Microsoft Visual Studio Solution File, Format Version 12.00
# Visual Studio 2013
VisualStudioVersion = 12.0.31101.0
MinimumVisualStudioVersion = 10.0.40219.1
Project("{FAE04EC0-301F-11D3-BF4B-00C04F79EFBC}") = "TestAutomation", "TestAutomation.csproj", "{E7642B8C-D2AC-4A6C-9643-561F9D9D9089}"
EndProject
Project("{FAE04EC0-301F-11D3-BF4B-00C04F79EFBC}") = "TestAutomationRunner", "TestAutomationRunner\TestAutomationRunner.csproj", "{B45EE90B-835A-4395-AC7D-C5165211DB74}"
EndProject
Project("{2150E333-8FDC-42A3-9474-1A3956D46DE8}") = ".nuget", ".nuget", "{D5718274-F84A-4131-B12C-6A9C954DEBEA}"
	ProjectSection(SolutionItems) = preProject
		.nuget\packages.config = .nuget\packages.config
	EndProjectSection
EndProject
Global
	GlobalSection(SolutionConfigurationPlatforms) = preSolution
		Debug|Any CPU = Debug|Any CPU
		Release|Any CPU = Release|Any CPU
	EndGlobalSection
	GlobalSection(ProjectConfigurationPlatforms) = postSolution
		{E7642B8C-D2AC-4A6C-9643-561F9D9D9089}.Debug|Any CPU.ActiveCfg = Debug|Any CPU
		{E7642B8C-D2AC-4A6C-9643-561F9D9D9089}.Debug|Any CPU.Build.0 = Debug|Any CPU
		{E7642B8C-D2AC-4A6C-9643-561F9D9D9089}.Release|Any CPU.ActiveCfg = Release|Any CPU
		{E7642B8C-D2AC-4A6C-9643-561F9D9D9089}.Release|Any CPU.Build.0 = Release|Any CPU
		{B45EE90B-835A-4395-AC7D-C5165211DB74}.Debug|Any CPU.ActiveCfg = Debug|Any CPU
		{B45EE90B-835A-4395-AC7D-C5165211DB74}.Debug|Any CPU.Build.0 = Debug|Any CPU
		{B45EE90B-835A-4395-AC7D-C5165211DB74}.Release|Any CPU.ActiveCfg = Release|Any CPU
		{B45EE90B-835A-4395-AC7D-C5165211DB74}.Release|Any CPU.Build.0 = Release|Any CPU
	EndGlobalSection
	GlobalSection(SolutionProperties) = preSolution
		HideSolutionNode = FALSE
	EndGlobalSection
EndGlobal
