
Microsoft Visual Studio Solution File, Format Version 12.00
# Visual Studio 14
VisualStudioVersion = 14.0.23107.0
MinimumVisualStudioVersion = 10.0.40219.1
Project("{2150E333-8FDC-42A3-9474-1A3956D46DE8}") = ".nuget", ".nuget", "{D5718274-F84A-4131-B12C-6A9C954DEBEA}"
	ProjectSection(SolutionItems) = preProject
		.nuget\packages.config = .nuget\packages.config
	EndProjectSection
EndProject
Project("{FAE04EC0-301F-11D3-BF4B-00C04F79EFBC}") = "Automation.Common", "Automation.Common\Automation.Common.csproj", "{82F61230-7E47-4317-841B-6F7BB3F44EF0}"
EndProject
Project("{FAE04EC0-301F-11D3-BF4B-00C04F79EFBC}") = "Automation.TestRunner", "Automation.TestRunner\Automation.TestRunner.csproj", "{078EE4A3-5BAA-464C-A593-E5B7DA7C85AB}"
EndProject
Project("{FAE04EC0-301F-11D3-BF4B-00C04F79EFBC}") = "Automation.PageObject.Example", "Automation.PageObject.Example\Automation.PageObject.Example.csproj", "{A16BDF06-CD0A-4ED1-AD28-C835EBF98F7F}"
EndProject
Global
	GlobalSection(SolutionConfigurationPlatforms) = preSolution
		Debug|Any CPU = Debug|Any CPU
		Release|Any CPU = Release|Any CPU
	EndGlobalSection
	GlobalSection(ProjectConfigurationPlatforms) = postSolution
		{82F61230-7E47-4317-841B-6F7BB3F44EF0}.Debug|Any CPU.ActiveCfg = Debug|Any CPU
		{82F61230-7E47-4317-841B-6F7BB3F44EF0}.Debug|Any CPU.Build.0 = Debug|Any CPU
		{82F61230-7E47-4317-841B-6F7BB3F44EF0}.Release|Any CPU.ActiveCfg = Release|Any CPU
		{82F61230-7E47-4317-841B-6F7BB3F44EF0}.Release|Any CPU.Build.0 = Release|Any CPU
		{078EE4A3-5BAA-464C-A593-E5B7DA7C85AB}.Debug|Any CPU.ActiveCfg = Debug|Any CPU
		{078EE4A3-5BAA-464C-A593-E5B7DA7C85AB}.Debug|Any CPU.Build.0 = Debug|Any CPU
		{078EE4A3-5BAA-464C-A593-E5B7DA7C85AB}.Release|Any CPU.ActiveCfg = Release|Any CPU
		{078EE4A3-5BAA-464C-A593-E5B7DA7C85AB}.Release|Any CPU.Build.0 = Release|Any CPU
		{A16BDF06-CD0A-4ED1-AD28-C835EBF98F7F}.Debug|Any CPU.ActiveCfg = Debug|Any CPU
		{A16BDF06-CD0A-4ED1-AD28-C835EBF98F7F}.Debug|Any CPU.Build.0 = Debug|Any CPU
		{A16BDF06-CD0A-4ED1-AD28-C835EBF98F7F}.Release|Any CPU.ActiveCfg = Release|Any CPU
		{A16BDF06-CD0A-4ED1-AD28-C835EBF98F7F}.Release|Any CPU.Build.0 = Release|Any CPU
	EndGlobalSection
	GlobalSection(SolutionProperties) = preSolution
		HideSolutionNode = FALSE
	EndGlobalSection
EndGlobal
